// !$*UTF8*$!
{
	archiveVersion = 1;
	classes = {
	};
	objectVersion = 56;
	objects = {

/* Begin PBXBuildFile section */
		44FDBEA229D9B5A1002DF53F /* TwitterCloneApp.swift in Sources */ = {isa = PBXBuildFile; fileRef = 44FDBEA129D9B5A1002DF53F /* TwitterCloneApp.swift */; };
		44FDBEA429D9B5A1002DF53F /* ContentView.swift in Sources */ = {isa = PBXBuildFile; fileRef = 44FDBEA329D9B5A1002DF53F /* ContentView.swift */; };
		44FDBEA629D9B5A2002DF53F /* Assets.xcassets in Resources */ = {isa = PBXBuildFile; fileRef = 44FDBEA529D9B5A2002DF53F /* Assets.xcassets */; };
		44FDBEA929D9B5A2002DF53F /* Preview Assets.xcassets in Resources */ = {isa = PBXBuildFile; fileRef = 44FDBEA829D9B5A2002DF53F /* Preview Assets.xcassets */; };
		44FDBEB829D9B6F8002DF53F /* FeedView.swift in Sources */ = {isa = PBXBuildFile; fileRef = 44FDBEB729D9B6F8002DF53F /* FeedView.swift */; };
		44FDBEBB29D9B7BF002DF53F /* TweetRowView.swift in Sources */ = {isa = PBXBuildFile; fileRef = 44FDBEBA29D9B7BF002DF53F /* TweetRowView.swift */; };
		44FDBEBE29D9BA98002DF53F /* Localizable.strings in Resources */ = {isa = PBXBuildFile; fileRef = 44FDBEC029D9BA98002DF53F /* Localizable.strings */; };
		44FDBEC429D9C289002DF53F /* MainTabView.swift in Sources */ = {isa = PBXBuildFile; fileRef = 44FDBEC329D9C289002DF53F /* MainTabView.swift */; };
		44FDBECA29D9E2B6002DF53F /* ExploreView.swift in Sources */ = {isa = PBXBuildFile; fileRef = 44FDBEC929D9E2B6002DF53F /* ExploreView.swift */; };
		44FDBECC29D9E338002DF53F /* NotificationsView.swift in Sources */ = {isa = PBXBuildFile; fileRef = 44FDBECB29D9E338002DF53F /* NotificationsView.swift */; };
		44FDBECE29D9E37B002DF53F /* MessagesView.swift in Sources */ = {isa = PBXBuildFile; fileRef = 44FDBECD29D9E37B002DF53F /* MessagesView.swift */; };
		44FDBED229D9E716002DF53F /* ProfileView.swift in Sources */ = {isa = PBXBuildFile; fileRef = 44FDBED129D9E716002DF53F /* ProfileView.swift */; };
		44FDBED429D9F3AC002DF53F /* TweetFilterViewModel.swift in Sources */ = {isa = PBXBuildFile; fileRef = 44FDBED329D9F3AC002DF53F /* TweetFilterViewModel.swift */; };
		44FDBEDA29D9FF95002DF53F /* UserRowView.swift in Sources */ = {isa = PBXBuildFile; fileRef = 44FDBED929D9FF95002DF53F /* UserRowView.swift */; };
/* End PBXBuildFile section */

/* Begin PBXFileReference section */
		44FDBE9E29D9B5A1002DF53F /* TwitterClone.app */ = {isa = PBXFileReference; explicitFileType = wrapper.application; includeInIndex = 0; path = TwitterClone.app; sourceTree = BUILT_PRODUCTS_DIR; };
		44FDBEA129D9B5A1002DF53F /* TwitterCloneApp.swift */ = {isa = PBXFileReference; lastKnownFileType = sourcecode.swift; path = TwitterCloneApp.swift; sourceTree = "<group>"; };
		44FDBEA329D9B5A1002DF53F /* ContentView.swift */ = {isa = PBXFileReference; lastKnownFileType = sourcecode.swift; path = ContentView.swift; sourceTree = "<group>"; };
		44FDBEA529D9B5A2002DF53F /* Assets.xcassets */ = {isa = PBXFileReference; lastKnownFileType = folder.assetcatalog; path = Assets.xcassets; sourceTree = "<group>"; };
		44FDBEA829D9B5A2002DF53F /* Preview Assets.xcassets */ = {isa = PBXFileReference; lastKnownFileType = folder.assetcatalog; path = "Preview Assets.xcassets"; sourceTree = "<group>"; };
		44FDBEB729D9B6F8002DF53F /* FeedView.swift */ = {isa = PBXFileReference; lastKnownFileType = sourcecode.swift; path = FeedView.swift; sourceTree = "<group>"; };
		44FDBEBA29D9B7BF002DF53F /* TweetRowView.swift */ = {isa = PBXFileReference; lastKnownFileType = sourcecode.swift; path = TweetRowView.swift; sourceTree = "<group>"; };
		44FDBEBF29D9BA98002DF53F /* en */ = {isa = PBXFileReference; lastKnownFileType = text.plist.strings; name = en; path = en.lproj/Localizable.strings; sourceTree = "<group>"; };
		44FDBEC129D9BB2B002DF53F /* tr */ = {isa = PBXFileReference; lastKnownFileType = text.plist.strings; name = tr; path = tr.lproj/Localizable.strings; sourceTree = "<group>"; };
		44FDBEC329D9C289002DF53F /* MainTabView.swift */ = {isa = PBXFileReference; lastKnownFileType = sourcecode.swift; path = MainTabView.swift; sourceTree = "<group>"; };
		44FDBEC929D9E2B6002DF53F /* ExploreView.swift */ = {isa = PBXFileReference; lastKnownFileType = sourcecode.swift; path = ExploreView.swift; sourceTree = "<group>"; };
		44FDBECB29D9E338002DF53F /* NotificationsView.swift */ = {isa = PBXFileReference; lastKnownFileType = sourcecode.swift; path = NotificationsView.swift; sourceTree = "<group>"; };
		44FDBECD29D9E37B002DF53F /* MessagesView.swift */ = {isa = PBXFileReference; lastKnownFileType = sourcecode.swift; path = MessagesView.swift; sourceTree = "<group>"; };
		44FDBED129D9E716002DF53F /* ProfileView.swift */ = {isa = PBXFileReference; lastKnownFileType = sourcecode.swift; path = ProfileView.swift; sourceTree = "<group>"; };
		44FDBED329D9F3AC002DF53F /* TweetFilterViewModel.swift */ = {isa = PBXFileReference; lastKnownFileType = sourcecode.swift; path = TweetFilterViewModel.swift; sourceTree = "<group>"; };
		44FDBED929D9FF95002DF53F /* UserRowView.swift */ = {isa = PBXFileReference; lastKnownFileType = sourcecode.swift; path = UserRowView.swift; sourceTree = "<group>"; };
/* End PBXFileReference section */

/* Begin PBXFrameworksBuildPhase section */
		44FDBE9B29D9B5A1002DF53F /* Frameworks */ = {
			isa = PBXFrameworksBuildPhase;
			buildActionMask = 2147483647;
			files = (
			);
			runOnlyForDeploymentPostprocessing = 0;
		};
/* End PBXFrameworksBuildPhase section */

/* Begin PBXGroup section */
		44FDBE9529D9B5A1002DF53F = {
			isa = PBXGroup;
			children = (
				44FDBEA029D9B5A1002DF53F /* TwitterClone */,
				44FDBE9F29D9B5A1002DF53F /* Products */,
			);
			sourceTree = "<group>";
		};
		44FDBE9F29D9B5A1002DF53F /* Products */ = {
			isa = PBXGroup;
			children = (
				44FDBE9E29D9B5A1002DF53F /* TwitterClone.app */,
			);
			name = Products;
			sourceTree = "<group>";
		};
		44FDBEA029D9B5A1002DF53F /* TwitterClone */ = {
			isa = PBXGroup;
			children = (
				44FDBEB229D9B5E7002DF53F /* Extensions */,
				44FDBEB129D9B5DF002DF53F /* Model */,
				44FDBEB029D9B5DC002DF53F /* Service */,
				44FDBEAF29D9B5BE002DF53F /* Core */,
				44FDBEA129D9B5A1002DF53F /* TwitterCloneApp.swift */,
				44FDBEA329D9B5A1002DF53F /* ContentView.swift */,
				44FDBEA529D9B5A2002DF53F /* Assets.xcassets */,
				44FDBEA729D9B5A2002DF53F /* Preview Content */,
				44FDBEC029D9BA98002DF53F /* Localizable.strings */,
			);
			path = TwitterClone;
			sourceTree = "<group>";
		};
		44FDBEA729D9B5A2002DF53F /* Preview Content */ = {
			isa = PBXGroup;
			children = (
				44FDBEA829D9B5A2002DF53F /* Preview Assets.xcassets */,
			);
			path = "Preview Content";
			sourceTree = "<group>";
		};
		44FDBEAF29D9B5BE002DF53F /* Core */ = {
			isa = PBXGroup;
			children = (
				44FDBEB429D9B62F002DF53F /* Components */,
				44FDBEC829D9C40F002DF53F /* Profile */,
				44FDBEC729D9C3E8002DF53F /* Explore */,
				44FDBEC629D9C3E4002DF53F /* Notifications */,
				44FDBEC529D9C3E1002DF53F /* Messages */,
				44FDBEC229D9C276002DF53F /* MainTab */,
				44FDBEB329D9B62D002DF53F /* Feed */,
			);
			path = Core;
			sourceTree = "<group>";
		};
		44FDBEB029D9B5DC002DF53F /* Service */ = {
			isa = PBXGroup;
			children = (
			);
			path = Service;
			sourceTree = "<group>";
		};
		44FDBEB129D9B5DF002DF53F /* Model */ = {
			isa = PBXGroup;
			children = (
			);
			name = Model;
			path = "New Group1/Model";
			sourceTree = "<group>";
		};
		44FDBEB229D9B5E7002DF53F /* Extensions */ = {
			isa = PBXGroup;
			children = (
			);
			path = Extensions;
			sourceTree = "<group>";
		};
		44FDBEB329D9B62D002DF53F /* Feed */ = {
			isa = PBXGroup;
			children = (
				44FDBEB629D9B6B9002DF53F /* ViewModels */,
				44FDBEB529D9B6B6002DF53F /* View */,
			);
			path = Feed;
			sourceTree = "<group>";
		};
		44FDBEB429D9B62F002DF53F /* Components */ = {
			isa = PBXGroup;
			children = (
				44FDBED829D9FF84002DF53F /* Users */,
				44FDBEB929D9B78E002DF53F /* Tweets */,
			);
			path = Components;
			sourceTree = "<group>";
		};
		44FDBEB529D9B6B6002DF53F /* View */ = {
			isa = PBXGroup;
			children = (
				44FDBEB729D9B6F8002DF53F /* FeedView.swift */,
			);
			path = View;
			sourceTree = "<group>";
		};
		44FDBEB629D9B6B9002DF53F /* ViewModels */ = {
			isa = PBXGroup;
			children = (
			);
			path = ViewModels;
			sourceTree = "<group>";
		};
		44FDBEB929D9B78E002DF53F /* Tweets */ = {
			isa = PBXGroup;
			children = (
				44FDBEBA29D9B7BF002DF53F /* TweetRowView.swift */,
			);
			path = Tweets;
			sourceTree = "<group>";
		};
		44FDBEC229D9C276002DF53F /* MainTab */ = {
			isa = PBXGroup;
			children = (
				44FDBEC329D9C289002DF53F /* MainTabView.swift */,
			);
			path = MainTab;
			sourceTree = "<group>";
		};
		44FDBEC529D9C3E1002DF53F /* Messages */ = {
			isa = PBXGroup;
			children = (
				44FDBECD29D9E37B002DF53F /* MessagesView.swift */,
			);
			path = Messages;
			sourceTree = "<group>";
		};
		44FDBEC629D9C3E4002DF53F /* Notifications */ = {
			isa = PBXGroup;
			children = (
				44FDBECB29D9E338002DF53F /* NotificationsView.swift */,
			);
			path = Notifications;
			sourceTree = "<group>";
		};
		44FDBEC729D9C3E8002DF53F /* Explore */ = {
			isa = PBXGroup;
			children = (
				44FDBED729D9FF4C002DF53F /* ViewModels */,
				44FDBED629D9FF3E002DF53F /* Views */,
			);
			path = Explore;
			sourceTree = "<group>";
		};
		44FDBEC829D9C40F002DF53F /* Profile */ = {
			isa = PBXGroup;
			children = (
				44FDBED029D9E700002DF53F /* Views */,
				44FDBECF29D9E6F7002DF53F /* ViewModels */,
			);
			path = Profile;
			sourceTree = "<group>";
		};
		44FDBECF29D9E6F7002DF53F /* ViewModels */ = {
			isa = PBXGroup;
			children = (
				44FDBED329D9F3AC002DF53F /* TweetFilterViewModel.swift */,
			);
			path = ViewModels;
			sourceTree = "<group>";
		};
		44FDBED029D9E700002DF53F /* Views */ = {
			isa = PBXGroup;
			children = (
				44FDBED129D9E716002DF53F /* ProfileView.swift */,
			);
			path = Views;
			sourceTree = "<group>";
		};
		44FDBED629D9FF3E002DF53F /* Views */ = {
			isa = PBXGroup;
			children = (
				44FDBEC929D9E2B6002DF53F /* ExploreView.swift */,
			);
			path = Views;
			sourceTree = "<group>";
		};
		44FDBED729D9FF4C002DF53F /* ViewModels */ = {
			isa = PBXGroup;
			children = (
			);
			path = ViewModels;
			sourceTree = "<group>";
		};
		44FDBED829D9FF84002DF53F /* Users */ = {
			isa = PBXGroup;
			children = (
				44FDBED929D9FF95002DF53F /* UserRowView.swift */,
			);
			path = Users;
			sourceTree = "<group>";
		};
/* End PBXGroup section */

/* Begin PBXNativeTarget section */
		44FDBE9D29D9B5A1002DF53F /* TwitterClone */ = {
			isa = PBXNativeTarget;
			buildConfigurationList = 44FDBEAC29D9B5A2002DF53F /* Build configuration list for PBXNativeTarget "TwitterClone" */;
			buildPhases = (
				44FDBE9A29D9B5A1002DF53F /* Sources */,
				44FDBE9B29D9B5A1002DF53F /* Frameworks */,
				44FDBE9C29D9B5A1002DF53F /* Resources */,
			);
			buildRules = (
			);
			dependencies = (
			);
			name = TwitterClone;
			productName = TwitterClone;
			productReference = 44FDBE9E29D9B5A1002DF53F /* TwitterClone.app */;
			productType = "com.apple.product-type.application";
		};
/* End PBXNativeTarget section */

/* Begin PBXProject section */
		44FDBE9629D9B5A1002DF53F /* Project object */ = {
			isa = PBXProject;
			attributes = {
				BuildIndependentTargetsInParallel = 1;
				LastSwiftUpdateCheck = 1420;
				LastUpgradeCheck = 1420;
				TargetAttributes = {
					44FDBE9D29D9B5A1002DF53F = {
						CreatedOnToolsVersion = 14.2;
					};
				};
			};
			buildConfigurationList = 44FDBE9929D9B5A1002DF53F /* Build configuration list for PBXProject "TwitterClone" */;
			compatibilityVersion = "Xcode 14.0";
			developmentRegion = en;
			hasScannedForEncodings = 0;
			knownRegions = (
				en,
				Base,
				tr,
			);
			mainGroup = 44FDBE9529D9B5A1002DF53F;
			productRefGroup = 44FDBE9F29D9B5A1002DF53F /* Products */;
			projectDirPath = "";
			projectRoot = "";
			targets = (
				44FDBE9D29D9B5A1002DF53F /* TwitterClone */,
			);
		};
/* End PBXProject section */

/* Begin PBXResourcesBuildPhase section */
		44FDBE9C29D9B5A1002DF53F /* Resources */ = {
			isa = PBXResourcesBuildPhase;
			buildActionMask = 2147483647;
			files = (
				44FDBEA929D9B5A2002DF53F /* Preview Assets.xcassets in Resources */,
				44FDBEBE29D9BA98002DF53F /* Localizable.strings in Resources */,
				44FDBEA629D9B5A2002DF53F /* Assets.xcassets in Resources */,
			);
			runOnlyForDeploymentPostprocessing = 0;
		};
/* End PBXResourcesBuildPhase section */

/* Begin PBXSourcesBuildPhase section */
		44FDBE9A29D9B5A1002DF53F /* Sources */ = {
			isa = PBXSourcesBuildPhase;
			buildActionMask = 2147483647;
			files = (
				44FDBECE29D9E37B002DF53F /* MessagesView.swift in Sources */,
				44FDBED229D9E716002DF53F /* ProfileView.swift in Sources */,
				44FDBEA429D9B5A1002DF53F /* ContentView.swift in Sources */,
				44FDBECC29D9E338002DF53F /* NotificationsView.swift in Sources */,
				44FDBED429D9F3AC002DF53F /* TweetFilterViewModel.swift in Sources */,
				44FDBEBB29D9B7BF002DF53F /* TweetRowView.swift in Sources */,
				44FDBEB829D9B6F8002DF53F /* FeedView.swift in Sources */,
				44FDBEA229D9B5A1002DF53F /* TwitterCloneApp.swift in Sources */,
				44FDBEDA29D9FF95002DF53F /* UserRowView.swift in Sources */,
				44FDBECA29D9E2B6002DF53F /* ExploreView.swift in Sources */,
				44FDBEC429D9C289002DF53F /* MainTabView.swift in Sources */,
			);
			runOnlyForDeploymentPostprocessing = 0;
		};
/* End PBXSourcesBuildPhase section */

/* Begin PBXVariantGroup section */
		44FDBEC029D9BA98002DF53F /* Localizable.strings */ = {
			isa = PBXVariantGroup;
			children = (
				44FDBEBF29D9BA98002DF53F /* en */,
				44FDBEC129D9BB2B002DF53F /* tr */,
			);
			name = Localizable.strings;
			sourceTree = "<group>";
		};
/* End PBXVariantGroup section */

/* Begin XCBuildConfiguration section */
		44FDBEAA29D9B5A2002DF53F /* Debug */ = {
			isa = XCBuildConfiguration;
			buildSettings = {
				ALWAYS_SEARCH_USER_PATHS = NO;
				CLANG_ANALYZER_LOCALIZABILITY_NONLOCALIZED = YES;
				CLANG_ANALYZER_NONNULL = YES;
				CLANG_ANALYZER_NUMBER_OBJECT_CONVERSION = YES_AGGRESSIVE;
				CLANG_CXX_LANGUAGE_STANDARD = "gnu++20";
				CLANG_ENABLE_MODULES = YES;
				CLANG_ENABLE_OBJC_ARC = YES;
				CLANG_ENABLE_OBJC_WEAK = YES;
				CLANG_WARN_BLOCK_CAPTURE_AUTORELEASING = YES;
				CLANG_WARN_BOOL_CONVERSION = YES;
				CLANG_WARN_COMMA = YES;
				CLANG_WARN_CONSTANT_CONVERSION = YES;
				CLANG_WARN_DEPRECATED_OBJC_IMPLEMENTATIONS = YES;
				CLANG_WARN_DIRECT_OBJC_ISA_USAGE = YES_ERROR;
				CLANG_WARN_DOCUMENTATION_COMMENTS = YES;
				CLANG_WARN_EMPTY_BODY = YES;
				CLANG_WARN_ENUM_CONVERSION = YES;
				CLANG_WARN_INFINITE_RECURSION = YES;
				CLANG_WARN_INT_CONVERSION = YES;
				CLANG_WARN_NON_LITERAL_NULL_CONVERSION = YES;
				CLANG_WARN_OBJC_IMPLICIT_RETAIN_SELF = YES;
				CLANG_WARN_OBJC_LITERAL_CONVERSION = YES;
				CLANG_WARN_OBJC_ROOT_CLASS = YES_ERROR;
				CLANG_WARN_QUOTED_INCLUDE_IN_FRAMEWORK_HEADER = YES;
				CLANG_WARN_RANGE_LOOP_ANALYSIS = YES;
				CLANG_WARN_STRICT_PROTOTYPES = YES;
				CLANG_WARN_SUSPICIOUS_MOVE = YES;
				CLANG_WARN_UNGUARDED_AVAILABILITY = YES_AGGRESSIVE;
				CLANG_WARN_UNREACHABLE_CODE = YES;
				CLANG_WARN__DUPLICATE_METHOD_MATCH = YES;
				COPY_PHASE_STRIP = NO;
				DEBUG_INFORMATION_FORMAT = dwarf;
				ENABLE_STRICT_OBJC_MSGSEND = YES;
				ENABLE_TESTABILITY = YES;
				GCC_C_LANGUAGE_STANDARD = gnu11;
				GCC_DYNAMIC_NO_PIC = NO;
				GCC_NO_COMMON_BLOCKS = YES;
				GCC_OPTIMIZATION_LEVEL = 0;
				GCC_PREPROCESSOR_DEFINITIONS = (
					"DEBUG=1",
					"$(inherited)",
				);
				GCC_WARN_64_TO_32_BIT_CONVERSION = YES;
				GCC_WARN_ABOUT_RETURN_TYPE = YES_ERROR;
				GCC_WARN_UNDECLARED_SELECTOR = YES;
				GCC_WARN_UNINITIALIZED_AUTOS = YES_AGGRESSIVE;
				GCC_WARN_UNUSED_FUNCTION = YES;
				GCC_WARN_UNUSED_VARIABLE = YES;
				IPHONEOS_DEPLOYMENT_TARGET = 16.2;
				MTL_ENABLE_DEBUG_INFO = INCLUDE_SOURCE;
				MTL_FAST_MATH = YES;
				ONLY_ACTIVE_ARCH = YES;
				SDKROOT = iphoneos;
				SWIFT_ACTIVE_COMPILATION_CONDITIONS = DEBUG;
				SWIFT_OPTIMIZATION_LEVEL = "-Onone";
			};
			name = Debug;
		};
		44FDBEAB29D9B5A2002DF53F /* Release */ = {
			isa = XCBuildConfiguration;
			buildSettings = {
				ALWAYS_SEARCH_USER_PATHS = NO;
				CLANG_ANALYZER_LOCALIZABILITY_NONLOCALIZED = YES;
				CLANG_ANALYZER_NONNULL = YES;
				CLANG_ANALYZER_NUMBER_OBJECT_CONVERSION = YES_AGGRESSIVE;
				CLANG_CXX_LANGUAGE_STANDARD = "gnu++20";
				CLANG_ENABLE_MODULES = YES;
				CLANG_ENABLE_OBJC_ARC = YES;
				CLANG_ENABLE_OBJC_WEAK = YES;
				CLANG_WARN_BLOCK_CAPTURE_AUTORELEASING = YES;
				CLANG_WARN_BOOL_CONVERSION = YES;
				CLANG_WARN_COMMA = YES;
				CLANG_WARN_CONSTANT_CONVERSION = YES;
				CLANG_WARN_DEPRECATED_OBJC_IMPLEMENTATIONS = YES;
				CLANG_WARN_DIRECT_OBJC_ISA_USAGE = YES_ERROR;
				CLANG_WARN_DOCUMENTATION_COMMENTS = YES;
				CLANG_WARN_EMPTY_BODY = YES;
				CLANG_WARN_ENUM_CONVERSION = YES;
				CLANG_WARN_INFINITE_RECURSION = YES;
				CLANG_WARN_INT_CONVERSION = YES;
				CLANG_WARN_NON_LITERAL_NULL_CONVERSION = YES;
				CLANG_WARN_OBJC_IMPLICIT_RETAIN_SELF = YES;
				CLANG_WARN_OBJC_LITERAL_CONVERSION = YES;
				CLANG_WARN_OBJC_ROOT_CLASS = YES_ERROR;
				CLANG_WARN_QUOTED_INCLUDE_IN_FRAMEWORK_HEADER = YES;
				CLANG_WARN_RANGE_LOOP_ANALYSIS = YES;
				CLANG_WARN_STRICT_PROTOTYPES = YES;
				CLANG_WARN_SUSPICIOUS_MOVE = YES;
				CLANG_WARN_UNGUARDED_AVAILABILITY = YES_AGGRESSIVE;
				CLANG_WARN_UNREACHABLE_CODE = YES;
				CLANG_WARN__DUPLICATE_METHOD_MATCH = YES;
				COPY_PHASE_STRIP = NO;
				DEBUG_INFORMATION_FORMAT = "dwarf-with-dsym";
				ENABLE_NS_ASSERTIONS = NO;
				ENABLE_STRICT_OBJC_MSGSEND = YES;
				GCC_C_LANGUAGE_STANDARD = gnu11;
				GCC_NO_COMMON_BLOCKS = YES;
				GCC_WARN_64_TO_32_BIT_CONVERSION = YES;
				GCC_WARN_ABOUT_RETURN_TYPE = YES_ERROR;
				GCC_WARN_UNDECLARED_SELECTOR = YES;
				GCC_WARN_UNINITIALIZED_AUTOS = YES_AGGRESSIVE;
				GCC_WARN_UNUSED_FUNCTION = YES;
				GCC_WARN_UNUSED_VARIABLE = YES;
				IPHONEOS_DEPLOYMENT_TARGET = 16.2;
				MTL_ENABLE_DEBUG_INFO = NO;
				MTL_FAST_MATH = YES;
				SDKROOT = iphoneos;
				SWIFT_COMPILATION_MODE = wholemodule;
				SWIFT_OPTIMIZATION_LEVEL = "-O";
				VALIDATE_PRODUCT = YES;
			};
			name = Release;
		};
		44FDBEAD29D9B5A2002DF53F /* Debug */ = {
			isa = XCBuildConfiguration;
			buildSettings = {
				ASSETCATALOG_COMPILER_APPICON_NAME = AppIcon;
				ASSETCATALOG_COMPILER_GLOBAL_ACCENT_COLOR_NAME = AccentColor;
				CODE_SIGN_STYLE = Automatic;
				CURRENT_PROJECT_VERSION = 1;
				DEVELOPMENT_ASSET_PATHS = "\"TwitterClone/Preview Content\"";
				ENABLE_PREVIEWS = YES;
				GENERATE_INFOPLIST_FILE = YES;
				INFOPLIST_KEY_UIApplicationSceneManifest_Generation = YES;
				INFOPLIST_KEY_UIApplicationSupportsIndirectInputEvents = YES;
				INFOPLIST_KEY_UILaunchScreen_Generation = YES;
				INFOPLIST_KEY_UISupportedInterfaceOrientations_iPad = "UIInterfaceOrientationPortrait UIInterfaceOrientationPortraitUpsideDown UIInterfaceOrientationLandscapeLeft UIInterfaceOrientationLandscapeRight";
				INFOPLIST_KEY_UISupportedInterfaceOrientations_iPhone = "UIInterfaceOrientationPortrait UIInterfaceOrientationLandscapeLeft UIInterfaceOrientationLandscapeRight";
				LD_RUNPATH_SEARCH_PATHS = (
					"$(inherited)",
					"@executable_path/Frameworks",
				);
				MARKETING_VERSION = 1.0;
				PRODUCT_BUNDLE_IDENTIFIER = online.cesurkedi.TwitterClone;
				PRODUCT_NAME = "$(TARGET_NAME)";
				SWIFT_EMIT_LOC_STRINGS = YES;
				SWIFT_VERSION = 5.0;
				TARGETED_DEVICE_FAMILY = "1,2";
			};
			name = Debug;
		};
		44FDBEAE29D9B5A2002DF53F /* Release */ = {
			isa = XCBuildConfiguration;
			buildSettings = {
				ASSETCATALOG_COMPILER_APPICON_NAME = AppIcon;
				ASSETCATALOG_COMPILER_GLOBAL_ACCENT_COLOR_NAME = AccentColor;
				CODE_SIGN_STYLE = Automatic;
				CURRENT_PROJECT_VERSION = 1;
				DEVELOPMENT_ASSET_PATHS = "\"TwitterClone/Preview Content\"";
				ENABLE_PREVIEWS = YES;
				GENERATE_INFOPLIST_FILE = YES;
				INFOPLIST_KEY_UIApplicationSceneManifest_Generation = YES;
				INFOPLIST_KEY_UIApplicationSupportsIndirectInputEvents = YES;
				INFOPLIST_KEY_UILaunchScreen_Generation = YES;
				INFOPLIST_KEY_UISupportedInterfaceOrientations_iPad = "UIInterfaceOrientationPortrait UIInterfaceOrientationPortraitUpsideDown UIInterfaceOrientationLandscapeLeft UIInterfaceOrientationLandscapeRight";
				INFOPLIST_KEY_UISupportedInterfaceOrientations_iPhone = "UIInterfaceOrientationPortrait UIInterfaceOrientationLandscapeLeft UIInterfaceOrientationLandscapeRight";
				LD_RUNPATH_SEARCH_PATHS = (
					"$(inherited)",
					"@executable_path/Frameworks",
				);
				MARKETING_VERSION = 1.0;
				PRODUCT_BUNDLE_IDENTIFIER = online.cesurkedi.TwitterClone;
				PRODUCT_NAME = "$(TARGET_NAME)";
				SWIFT_EMIT_LOC_STRINGS = YES;
				SWIFT_VERSION = 5.0;
				TARGETED_DEVICE_FAMILY = "1,2";
			};
			name = Release;
		};
/* End XCBuildConfiguration section */

/* Begin XCConfigurationList section */
		44FDBE9929D9B5A1002DF53F /* Build configuration list for PBXProject "TwitterClone" */ = {
			isa = XCConfigurationList;
			buildConfigurations = (
				44FDBEAA29D9B5A2002DF53F /* Debug */,
				44FDBEAB29D9B5A2002DF53F /* Release */,
			);
			defaultConfigurationIsVisible = 0;
			defaultConfigurationName = Release;
		};
		44FDBEAC29D9B5A2002DF53F /* Build configuration list for PBXNativeTarget "TwitterClone" */ = {
			isa = XCConfigurationList;
			buildConfigurations = (
				44FDBEAD29D9B5A2002DF53F /* Debug */,
				44FDBEAE29D9B5A2002DF53F /* Release */,
			);
			defaultConfigurationIsVisible = 0;
			defaultConfigurationName = Release;
		};
/* End XCConfigurationList section */
	};
	rootObject = 44FDBE9629D9B5A1002DF53F /* Project object */;
}
